
Microsoft Visual Studio Solution File, Format Version 12.00
# Visual Studio Version 16
VisualStudioVersion = 16.0.30621.155
MinimumVisualStudioVersion = 10.0.40219.1
Project("{FAE04EC0-301F-11D3-BF4B-00C04F79EFBC}") = "librcic", "librcic.csproj", "{2F429CA9-8125-40BD-BE2A-B98E60EDC1A3}"
EndProject
Project("{FAE04EC0-301F-11D3-BF4B-00C04F79EFBC}") = "RCICDemo", "..\RCICDemo\RCICDemo.csproj", "{F370F4F2-7347-4F66-810B-EE751248A644}"
EndProject
Global
	GlobalSection(SolutionConfigurationPlatforms) = preSolution
		Debug|Any CPU = Debug|Any CPU
		Release|Any CPU = Release|Any CPU
	EndGlobalSection
	GlobalSection(ProjectConfigurationPlatforms) = postSolution
		{2F429CA9-8125-40BD-BE2A-B98E60EDC1A3}.Debug|Any CPU.ActiveCfg = Debug|Any CPU
		{2F429CA9-8125-40BD-BE2A-B98E60EDC1A3}.Debug|Any CPU.Build.0 = Debug|Any CPU
		{2F429CA9-8125-40BD-BE2A-B98E60EDC1A3}.Release|Any CPU.ActiveCfg = Release|Any CPU
		{2F429CA9-8125-40BD-BE2A-B98E60EDC1A3}.Release|Any CPU.Build.0 = Release|Any CPU
		{F370F4F2-7347-4F66-810B-EE751248A644}.Debug|Any CPU.ActiveCfg = Debug|Any CPU
		{F370F4F2-7347-4F66-810B-EE751248A644}.Debug|Any CPU.Build.0 = Debug|Any CPU
		{F370F4F2-7347-4F66-810B-EE751248A644}.Release|Any CPU.ActiveCfg = Release|Any CPU
		{F370F4F2-7347-4F66-810B-EE751248A644}.Release|Any CPU.Build.0 = Release|Any CPU
	EndGlobalSection
	GlobalSection(SolutionProperties) = preSolution
		HideSolutionNode = FALSE
	EndGlobalSection
	GlobalSection(ExtensibilityGlobals) = postSolution
		SolutionGuid = {C31BF511-DFDD-4D5A-93B2-FF890A89675F}
	EndGlobalSection
EndGlobal
